{
    "name": "keep-data",
    "lockfileVersion": 3,
    "requires": true,
    "packages": {
        "": {
            "devDependencies": {
                "uuid": "^13.0.0",
                "z-schema": "^12.2.0"
            }
        },
        "node_modules/commander": {
            "version": "14.0.3",
            "resolved": "https://registry.npmjs.org/commander/-/commander-14.0.3.tgz",
            "integrity": "sha512-H+y0Jo/T1RZ9qPP4Eh1pkcQcLRglraJaSLoyOtHxu6AapkjWVCy2Sit1QQ4x3Dng8qDlSsZEet7g5Pq06MvTgw==",
            "dev": true,
            "license": "MIT",
            "optional": true,
            "engines": {
                "node": ">=20"
            }
        },
        "node_modules/punycode": {
            "version": "2.3.1",
            "resolved": "https://registry.npmjs.org/punycode/-/punycode-2.3.1.tgz",
            "integrity": "sha512-vYt7UD1U9Wg6138shLtLOvdAu+8DsC/ilFtEVHcH+wydcSpNE20AfSOduf6MkRFahL5FY7X1oU7nKVZFtfq8Fg==",
            "dev": true,
            "license": "MIT",
            "engines": {
                "node": ">=6"
            }
        },
        "node_modules/ret": {
            "version": "0.5.0",
            "resolved": "https://registry.npmjs.org/ret/-/ret-0.5.0.tgz",
            "integrity": "sha512-I1XxrZSQ+oErkRR4jYbAyEEu2I0avBvvMM5JN+6EBprOGRCs63ENqZ3vjavq8fBw2+62G5LF5XelKwuJpcvcxw==",
            "dev": true,
            "license": "MIT",
            "engines": {
                "node": ">=10"
            }
        },
        "node_modules/safe-regex2": {
            "version": "5.1.1",
            "resolved": "https://registry.npmjs.org/safe-regex2/-/safe-regex2-5.1.1.tgz",
            "integrity": "sha512-mOSBvHGDZMuIEZMdOz/aCEYDCv0E7nfcNsIhUF+/P+xC7Hyf3FkvymqgPbg9D1EdSGu+uKbJgy09K/RKKc7kJA==",
            "dev": true,
            "funding": [
                {
                    "type": "github",
                    "url": "https://github.com/sponsors/fastify"
                },
                {
                    "type": "opencollective",
                    "url": "https://opencollective.com/fastify"
                }
            ],
            "license": "MIT",
            "dependencies": {
                "ret": "~0.5.0"
            },
            "bin": {
                "safe-regex2": "bin/safe-regex2.js"
            }
        },
        "node_modules/uuid": {
            "version": "13.0.0",
            "resolved": "https://registry.npmjs.org/uuid/-/uuid-13.0.0.tgz",
            "integrity": "sha512-XQegIaBTVUjSHliKqcnFqYypAd4S+WCYt5NIeRs6w/UAry7z8Y9j5ZwRRL4kzq9U3sD6v+85er9FvkEaBpji2w==",
            "dev": true,
            "funding": [
                "https://github.com/sponsors/broofa",
                "https://github.com/sponsors/ctavan"
            ],
            "license": "MIT",
            "bin": {
                "uuid": "dist-node/bin/uuid"
            }
        },
        "node_modules/validator": {
            "version": "13.15.35",
            "resolved": "https://registry.npmjs.org/validator/-/validator-13.15.35.tgz",
            "integrity": "sha512-TQ5pAGhd5whStmqWvYF4OjQROlmv9SMFVt37qoCBdqRffuuklWYQlCNnEs2ZaIBD1kZRNnikiZOS1eqgkar0iw==",
            "dev": true,
            "license": "MIT",
            "engines": {
                "node": ">= 0.10"
            }
        },
        "node_modules/z-schema": {
            "version": "12.2.0",
            "resolved": "https://registry.npmjs.org/z-schema/-/z-schema-12.2.0.tgz",
            "integrity": "sha512-nl7fMiD2pwsrrkqKMByIdTDaM2hBGeA/phn+Aj3z+sSax4pRVB/m1VaiYTgZlFbGTj70yGIr86D+aLJMXo0Jtw==",
            "dev": true,
            "license": "MIT",
            "dependencies": {
                "punycode": "^2.3.1",
                "safe-regex2": "^5.1.0",
                "validator": "^13.15.26"
            },
            "bin": {
                "z-schema": "bin/z-schema"
            },
            "engines": {
                "node": ">=22.0.0"
            },
            "optionalDependencies": {
                "commander": "^14.0.3"
            }
        }
    }
}
